{
  "version": 4,
  "terraform_version": "1.3.7",
  "serial": 55,
  "lineage": "a71ee4d4-8ea0-98ab-276a-c3710704db56",
  "outputs": {
    "My_webServer_sg_arn": {
      "value": "arn:aws:ec2:us-east-1:613938681023:security-group/sg-0bc3697a6db409115",
      "type": "string"
    },
    "My_webServer_sg_id": {
      "value": "sg-0bc3697a6db409115",
      "type": "string"
    },
    "My_webServer_sg_ingress": {
      "value": [
        {
          "cidr_blocks": [
            "0.0.0.0/0"
          ],
          "description": "",
          "from_port": 80,
          "ipv6_cidr_blocks": [],
          "prefix_list_ids": [],
          "protocol": "tcp",
          "security_groups": [],
          "self": false,
          "to_port": 80
        }
      ],
      "type": [
        "set",
        [
          "object",
          {
            "cidr_blocks": [
              "list",
              "string"
            ],
            "description": "string",
            "from_port": "number",
            "ipv6_cidr_blocks": [
              "list",
              "string"
            ],
            "prefix_list_ids": [
              "list",
              "string"
            ],
            "protocol": "string",
            "security_groups": [
              "set",
              "string"
            ],
            "self": "bool",
            "to_port": "number"
          }
        ]
      ]
    },
    "instance_id": {
      "value": "i-0f3b1f39814ee12ad",
      "type": "string"
    },
    "instance_public_ip": {
      "value": "3.88.84.162",
      "type": "string"
    }
  },
  "resources": [
    {
      "mode": "managed",
      "type": "aws_instance",
      "name": "app_server",
      "provider": "provider[\"registry.terraform.io/hashicorp/aws\"]",
      "instances": [
        {
          "schema_version": 1,
          "attributes": {
            "ami": "ami-0b5eea76982371e91",
            "arn": "arn:aws:ec2:us-east-1:613938681023:instance/i-0f3b1f39814ee12ad",
            "associate_public_ip_address": true,
            "availability_zone": "us-east-1a",
            "capacity_reservation_specification": [
              {
                "capacity_reservation_preference": "open",
                "capacity_reservation_target": []
              }
            ],
            "cpu_core_count": 1,
            "cpu_threads_per_core": 1,
            "credit_specification": [
              {
                "cpu_credits": "standard"
              }
            ],
            "disable_api_stop": false,
            "disable_api_termination": false,
            "ebs_block_device": [],
            "ebs_optimized": false,
            "enclave_options": [
              {
                "enabled": false
              }
            ],
            "ephemeral_block_device": [],
            "get_password_data": false,
            "hibernation": false,
            "host_id": null,
            "host_resource_group_arn": null,
            "iam_instance_profile": "",
            "id": "i-0f3b1f39814ee12ad",
            "instance_initiated_shutdown_behavior": "stop",
            "instance_state": "running",
            "instance_type": "t2.micro",
            "ipv6_address_count": 0,
            "ipv6_addresses": [],
            "key_name": "",
            "launch_template": [],
            "maintenance_options": [
              {
                "auto_recovery": "default"
              }
            ],
            "metadata_options": [
              {
                "http_endpoint": "enabled",
                "http_put_response_hop_limit": 1,
                "http_tokens": "optional",
                "instance_metadata_tags": "disabled"
              }
            ],
            "monitoring": false,
            "network_interface": [],
            "outpost_arn": "",
            "password_data": "",
            "placement_group": "",
            "placement_partition_number": null,
            "primary_network_interface_id": "eni-0663d8f3ac972f8bd",
            "private_dns": "ip-172-31-82-62.ec2.internal",
            "private_dns_name_options": [
              {
                "enable_resource_name_dns_a_record": false,
                "enable_resource_name_dns_aaaa_record": false,
                "hostname_type": "ip-name"
              }
            ],
            "private_ip": "172.31.82.62",
            "public_dns": "ec2-3-88-84-162.compute-1.amazonaws.com",
            "public_ip": "3.88.84.162",
            "root_block_device": [
              {
                "delete_on_termination": true,
                "device_name": "/dev/xvda",
                "encrypted": false,
                "iops": 100,
                "kms_key_id": "",
                "tags": {},
                "throughput": 0,
                "volume_id": "vol-0efb51bf24eee6cd4",
                "volume_size": 8,
                "volume_type": "gp2"
              }
            ],
            "secondary_private_ips": [],
            "security_groups": [
              "Gvidon"
            ],
            "source_dest_check": true,
            "subnet_id": "subnet-09f1b01cddc783a45",
            "tags": {
              "Company": "Ayvazyan LLC",
              "Ouner": "Artur",
              "name": "Gvidon"
            },
            "tags_all": {
              "Company": "Ayvazyan LLC",
              "Ouner": "Artur",
              "name": "Gvidon"
            },
            "tenancy": "default",
            "timeouts": null,
            "user_data": "a75307c83949a6283a9f4d1aa044edf524790d35",
            "user_data_base64": null,
            "user_data_replace_on_change": false,
            "volume_tags": null,
            "vpc_security_group_ids": [
              "sg-0bc3697a6db409115"
            ]
          },
          "sensitive_attributes": [],
          "private": "eyJlMmJmYjczMC1lY2FhLTExZTYtOGY4OC0zNDM2M2JjN2M0YzAiOnsiY3JlYXRlIjo2MDAwMDAwMDAwMDAsImRlbGV0ZSI6MTIwMDAwMDAwMDAwMCwidXBkYXRlIjo2MDAwMDAwMDAwMDB9LCJzY2hlbWFfdmVyc2lvbiI6IjEifQ==",
          "dependencies": [
            "aws_security_group.My_webServer"
          ]
        }
      ]
    },
    {
      "mode": "managed",
      "type": "aws_security_group",
      "name": "My_webServer",
      "provider": "provider[\"registry.terraform.io/hashicorp/aws\"]",
      "instances": [
        {
          "schema_version": 1,
          "attributes": {
            "arn": "arn:aws:ec2:us-east-1:613938681023:security-group/sg-0bc3697a6db409115",
            "description": "My First secgrup",
            "egress": [
              {
                "cidr_blocks": [
                  "0.0.0.0/0"
                ],
                "description": "",
                "from_port": 0,
                "ipv6_cidr_blocks": [
                  "::/0"
                ],
                "prefix_list_ids": [],
                "protocol": "-1",
                "security_groups": [],
                "self": false,
                "to_port": 0
              }
            ],
            "id": "sg-0bc3697a6db409115",
            "ingress": [
              {
                "cidr_blocks": [
                  "0.0.0.0/0"
                ],
                "description": "",
                "from_port": 80,
                "ipv6_cidr_blocks": [],
                "prefix_list_ids": [],
                "protocol": "tcp",
                "security_groups": [],
                "self": false,
                "to_port": 80
              }
            ],
            "name": "Gvidon",
            "name_prefix": "",
            "owner_id": "613938681023",
            "revoke_rules_on_delete": false,
            "tags": {
              "Company": "Ayvazyan LLC",
              "Ouner": "Artur",
              "name": "frst EC2"
            },
            "tags_all": {
              "Company": "Ayvazyan LLC",
              "Ouner": "Artur",
              "name": "frst EC2"
            },
            "timeouts": null,
            "vpc_id": "vpc-0cbb401087d07e8bc"
          },
          "sensitive_attributes": [],
          "private": "eyJlMmJmYjczMC1lY2FhLTExZTYtOGY4OC0zNDM2M2JjN2M0YzAiOnsiY3JlYXRlIjo2MDAwMDAwMDAwMDAsImRlbGV0ZSI6OTAwMDAwMDAwMDAwfSwic2NoZW1hX3ZlcnNpb24iOiIxIn0="
        }
      ]
    }
  ],
  "check_results": null
}
